hash: 871aee07d495004070df9a7d545bf896b978c74ed0adfd04a7be134a1a7e00a7
updated: 2018-04-09T18:10:23.300479-04:00
imports:
- name: github.com/andybalholm/cascadia
  version: 901648c87902174f774fac311d7f176f8647bdaa
- name: github.com/bwmarrin/discordgo
  version: 4a33b9bc7c56cfdb9bb244e33e83cb3941fe2bdc
- name: github.com/gorilla/websocket
  version: eb925808374e5ca90c83401a40d711dc08c0c0f6
- name: github.com/mattn/go-runewidth
  version: ce7b0b5c7b45a81508558cd1dba6bb1e4ddb51bb
- name: github.com/olekukonko/tablewriter
  version: b8a9be070da40449e501c3c4730a889e42d87a9e
- name: github.com/PuerkitoBio/goquery
  version: a86ea073017a6beddef78c8659e7224e8ca634b0
- name: golang.org/x/crypto
  version: beb2a9779c3b677077c41673505f150149fce895
  subpackages:
  - nacl/secretbox
  - poly1305
  - salsa20/salsa
- name: golang.org/x/net
  version: 61147c48b25b599e5b561d2e9c4f3e1ef489ca41
  subpackages:
  - html
  - html/atom
testImports: []
